
Microsoft Visual Studio Solution File, Format Version 12.00
# Visual Studio Version 16
VisualStudioVersion = 16.0.29009.5
MinimumVisualStudioVersion = 10.0.40219.1
Project("{FAE04EC0-301F-11D3-BF4B-00C04F79EFBC}") = "WEBAPPLICATION", "WEBAPPLICATION.csproj", "{DD39ACFF-ACD5-4D3A-AFF5-80E638EE0EE6}"
EndProject
Global
	GlobalSection(SolutionConfigurationPlatforms) = preSolution
		Debug|Any CPU = Debug|Any CPU
		Release|Any CPU = Release|Any CPU
	EndGlobalSection
	GlobalSection(ProjectConfigurationPlatforms) = postSolution
		{DD39ACFF-ACD5-4D3A-AFF5-80E638EE0EE6}.Debug|Any CPU.ActiveCfg = Debug|Any CPU
		{DD39ACFF-ACD5-4D3A-AFF5-80E638EE0EE6}.Debug|Any CPU.Build.0 = Debug|Any CPU
		{DD39ACFF-ACD5-4D3A-AFF5-80E638EE0EE6}.Release|Any CPU.ActiveCfg = Release|Any CPU
		{DD39ACFF-ACD5-4D3A-AFF5-80E638EE0EE6}.Release|Any CPU.Build.0 = Release|Any CPU
	EndGlobalSection
	GlobalSection(SolutionProperties) = preSolution
		HideSolutionNode = FALSE
	EndGlobalSection
	GlobalSection(ExtensibilityGlobals) = postSolution
		SolutionGuid = {EBE34A83-D667-452F-AD41-F735716A178F}
	EndGlobalSection
EndGlobal
